
Microsoft Visual Studio Solution File, Format Version 12.00
# Visual Studio Version 17
VisualStudioVersion = 17.3.32819.101
MinimumVisualStudioVersion = 10.0.40219.1
Project("{FAE04EC0-301F-11D3-BF4B-00C04F79EFBC}") = "Module3HW3", "Module3HW3\Module3HW3.csproj", "{3D9178FB-7858-49E9-BA22-70BCF7623AD3}"
EndProject
Global
	GlobalSection(SolutionConfigurationPlatforms) = preSolution
		Debug|Any CPU = Debug|Any CPU
		Release|Any CPU = Release|Any CPU
	EndGlobalSection
	GlobalSection(ProjectConfigurationPlatforms) = postSolution
		{3D9178FB-7858-49E9-BA22-70BCF7623AD3}.Debug|Any CPU.ActiveCfg = Debug|Any CPU
		{3D9178FB-7858-49E9-BA22-70BCF7623AD3}.Debug|Any CPU.Build.0 = Debug|Any CPU
		{3D9178FB-7858-49E9-BA22-70BCF7623AD3}.Release|Any CPU.ActiveCfg = Release|Any CPU
		{3D9178FB-7858-49E9-BA22-70BCF7623AD3}.Release|Any CPU.Build.0 = Release|Any CPU
	EndGlobalSection
	GlobalSection(SolutionProperties) = preSolution
		HideSolutionNode = FALSE
	EndGlobalSection
	GlobalSection(ExtensibilityGlobals) = postSolution
		SolutionGuid = {E97ED558-1562-4442-8E83-38084D2B4692}
	EndGlobalSection
EndGlobal
